// !$*UTF8*$!
{
	archiveVersion = 1;
	classes = {
	};
	objectVersion = 56;
	objects = {

/* Begin PBXBuildFile section */
		8EC9B0AB2D96A2700008A8B8 /* ChineseCountingAppApp.swift in Sources */ = {isa = PBXBuildFile; fileRef = 8EC9B0AA2D96A2700008A8B8 /* ChineseCountingAppApp.swift */; };
		8EC9B0AD2D96A2700008A8B8 /* ContentView.swift in Sources */ = {isa = PBXBuildFile; fileRef = 8EC9B0AC2D96A2700008A8B8 /* ContentView.swift */; };
		8EC9B0AF2D96A2710008A8B8 /* Assets.xcassets in Resources */ = {isa = PBXBuildFile; fileRef = 8EC9B0AE2D96A2710008A8B8 /* Assets.xcassets */; };
		8EC9B0B22D96A2710008A8B8 /* Preview Assets.xcassets in Resources */ = {isa = PBXBuildFile; fileRef = 8EC9B0B12D96A2710008A8B8 /* Preview Assets.xcassets */; };
		8EC9B0BC2D96A2710008A8B8 /* ChineseCountingAppTests.swift in Sources */ = {isa = PBXBuildFile; fileRef = 8EC9B0BB2D96A2710008A8B8 /* ChineseCountingAppTests.swift */; };
		8EC9B0C62D96A2710008A8B8 /* ChineseCountingAppUITests.swift in Sources */ = {isa = PBXBuildFile; fileRef = 8EC9B0C52D96A2710008A8B8 /* ChineseCountingAppUITests.swift */; };
		8EC9B0C82D96A2710008A8B8 /* ChineseCountingAppUITestsLaunchTests.swift in Sources */ = {isa = PBXBuildFile; fileRef = 8EC9B0C72D96A2710008A8B8 /* ChineseCountingAppUITestsLaunchTests.swift */; };
		8EC9B0D82D96A44E0008A8B8 /* GameModel.swift in Sources */ = {isa = PBXBuildFile; fileRef = 8EC9B0D72D96A44E0008A8B8 /* GameModel.swift */; };
		8EC9B0DB2D96A5B60008A8B8 /* Int+Extension.swift in Sources */ = {isa = PBXBuildFile; fileRef = 8EC9B0DA2D96A5B60008A8B8 /* Int+Extension.swift */; };
		8EC9B0E12D96A9B30008A8B8 /* SpeechManager.swift in Sources */ = {isa = PBXBuildFile; fileRef = 8EC9B0E02D96A9B30008A8B8 /* SpeechManager.swift */; };
		8EC9B0E32D96AC1B0008A8B8 /* GameViewModel.swift in Sources */ = {isa = PBXBuildFile; fileRef = 8EC9B0E22D96AC1B0008A8B8 /* GameViewModel.swift */; };
		8EC9B0E52D96D4BA0008A8B8 /* GearIconView.swift in Sources */ = {isa = PBXBuildFile; fileRef = 8EC9B0E42D96D4BA0008A8B8 /* GearIconView.swift */; };
		8EC9B0E72D9701660008A8B8 /* ScoreView.swift in Sources */ = {isa = PBXBuildFile; fileRef = 8EC9B0E62D9701660008A8B8 /* ScoreView.swift */; };
		8EC9B0E92D9703170008A8B8 /* PinyanView.swift in Sources */ = {isa = PBXBuildFile; fileRef = 8EC9B0E82D9703170008A8B8 /* PinyanView.swift */; };
		8EC9B0EC2D9704A00008A8B8 /* Chinese.swift in Sources */ = {isa = PBXBuildFile; fileRef = 8EC9B0EB2D9704A00008A8B8 /* Chinese.swift */; };
		8EC9B0EE2D9705160008A8B8 /* ChineseTest.swift in Sources */ = {isa = PBXBuildFile; fileRef = 8EC9B0ED2D9705160008A8B8 /* ChineseTest.swift */; };
		8EC9B0F02D970A2B0008A8B8 /* ChineseView.swift in Sources */ = {isa = PBXBuildFile; fileRef = 8EC9B0EF2D970A2B0008A8B8 /* ChineseView.swift */; };
		8EC9B0F22D970BA80008A8B8 /* NumberOptionsView.swift in Sources */ = {isa = PBXBuildFile; fileRef = 8EC9B0F12D970BA80008A8B8 /* NumberOptionsView.swift */; };
		8EC9B0F42D970BCA0008A8B8 /* CircleView.swift in Sources */ = {isa = PBXBuildFile; fileRef = 8EC9B0F32D970BCA0008A8B8 /* CircleView.swift */; };
		8EC9B0F72D9716010008A8B8 /* GameOverView.swift in Sources */ = {isa = PBXBuildFile; fileRef = 8EC9B0F62D9716010008A8B8 /* GameOverView.swift */; };
		8EC9B0F92D971C1D0008A8B8 /* ProverbMode.swift in Sources */ = {isa = PBXBuildFile; fileRef = 8EC9B0F82D971C1D0008A8B8 /* ProverbMode.swift */; };
		8EC9B0FB2D971E450008A8B8 /* ProverbViewModel.swift in Sources */ = {isa = PBXBuildFile; fileRef = 8EC9B0FA2D971E450008A8B8 /* ProverbViewModel.swift */; };
/* End PBXBuildFile section */

/* Begin PBXContainerItemProxy section */
		8EC9B0B82D96A2710008A8B8 /* PBXContainerItemProxy */ = {
			isa = PBXContainerItemProxy;
			containerPortal = 8EC9B09F2D96A2700008A8B8 /* Project object */;
			proxyType = 1;
			remoteGlobalIDString = 8EC9B0A62D96A2700008A8B8;
			remoteInfo = ChineseCountingApp;
		};
		8EC9B0C22D96A2710008A8B8 /* PBXContainerItemProxy */ = {
			isa = PBXContainerItemProxy;
			containerPortal = 8EC9B09F2D96A2700008A8B8 /* Project object */;
			proxyType = 1;
			remoteGlobalIDString = 8EC9B0A62D96A2700008A8B8;
			remoteInfo = ChineseCountingApp;
		};
/* End PBXContainerItemProxy section */

/* Begin PBXFileReference section */
		8EC9B0A72D96A2700008A8B8 /* ChineseCountingApp.app */ = {isa = PBXFileReference; explicitFileType = wrapper.application; includeInIndex = 0; path = ChineseCountingApp.app; sourceTree = BUILT_PRODUCTS_DIR; };
		8EC9B0AA2D96A2700008A8B8 /* ChineseCountingAppApp.swift */ = {isa = PBXFileReference; lastKnownFileType = sourcecode.swift; path = ChineseCountingAppApp.swift; sourceTree = "<group>"; };
		8EC9B0AC2D96A2700008A8B8 /* ContentView.swift */ = {isa = PBXFileReference; lastKnownFileType = sourcecode.swift; path = ContentView.swift; sourceTree = "<group>"; };
		8EC9B0AE2D96A2710008A8B8 /* Assets.xcassets */ = {isa = PBXFileReference; lastKnownFileType = folder.assetcatalog; path = Assets.xcassets; sourceTree = "<group>"; };
		8EC9B0B12D96A2710008A8B8 /* Preview Assets.xcassets */ = {isa = PBXFileReference; lastKnownFileType = folder.assetcatalog; path = "Preview Assets.xcassets"; sourceTree = "<group>"; };
		8EC9B0B72D96A2710008A8B8 /* ChineseCountingAppTests.xctest */ = {isa = PBXFileReference; explicitFileType = wrapper.cfbundle; includeInIndex = 0; path = ChineseCountingAppTests.xctest; sourceTree = BUILT_PRODUCTS_DIR; };
		8EC9B0BB2D96A2710008A8B8 /* ChineseCountingAppTests.swift */ = {isa = PBXFileReference; lastKnownFileType = sourcecode.swift; path = ChineseCountingAppTests.swift; sourceTree = "<group>"; };
		8EC9B0C12D96A2710008A8B8 /* ChineseCountingAppUITests.xctest */ = {isa = PBXFileReference; explicitFileType = wrapper.cfbundle; includeInIndex = 0; path = ChineseCountingAppUITests.xctest; sourceTree = BUILT_PRODUCTS_DIR; };
		8EC9B0C52D96A2710008A8B8 /* ChineseCountingAppUITests.swift */ = {isa = PBXFileReference; lastKnownFileType = sourcecode.swift; path = ChineseCountingAppUITests.swift; sourceTree = "<group>"; };
		8EC9B0C72D96A2710008A8B8 /* ChineseCountingAppUITestsLaunchTests.swift */ = {isa = PBXFileReference; lastKnownFileType = sourcecode.swift; path = ChineseCountingAppUITestsLaunchTests.swift; sourceTree = "<group>"; };
		8EC9B0D72D96A44E0008A8B8 /* GameModel.swift */ = {isa = PBXFileReference; lastKnownFileType = sourcecode.swift; path = GameModel.swift; sourceTree = "<group>"; };
		8EC9B0DA2D96A5B60008A8B8 /* Int+Extension.swift */ = {isa = PBXFileReference; lastKnownFileType = sourcecode.swift; path = "Int+Extension.swift"; sourceTree = "<group>"; };
		8EC9B0E02D96A9B30008A8B8 /* SpeechManager.swift */ = {isa = PBXFileReference; lastKnownFileType = sourcecode.swift; path = SpeechManager.swift; sourceTree = "<group>"; };
		8EC9B0E22D96AC1B0008A8B8 /* GameViewModel.swift */ = {isa = PBXFileReference; lastKnownFileType = sourcecode.swift; path = GameViewModel.swift; sourceTree = "<group>"; };
		8EC9B0E42D96D4BA0008A8B8 /* GearIconView.swift */ = {isa = PBXFileReference; lastKnownFileType = sourcecode.swift; path = GearIconView.swift; sourceTree = "<group>"; };
		8EC9B0E62D9701660008A8B8 /* ScoreView.swift */ = {isa = PBXFileReference; lastKnownFileType = sourcecode.swift; path = ScoreView.swift; sourceTree = "<group>"; };
		8EC9B0E82D9703170008A8B8 /* PinyanView.swift */ = {isa = PBXFileReference; lastKnownFileType = sourcecode.swift; path = PinyanView.swift; sourceTree = "<group>"; };
		8EC9B0EB2D9704A00008A8B8 /* Chinese.swift */ = {isa = PBXFileReference; lastKnownFileType = sourcecode.swift; path = Chinese.swift; sourceTree = "<group>"; };
		8EC9B0ED2D9705160008A8B8 /* ChineseTest.swift */ = {isa = PBXFileReference; lastKnownFileType = sourcecode.swift; name = ChineseTest.swift; path = ../../ChineseTest.swift; sourceTree = "<group>"; };
		8EC9B0EF2D970A2B0008A8B8 /* ChineseView.swift */ = {isa = PBXFileReference; lastKnownFileType = sourcecode.swift; path = ChineseView.swift; sourceTree = "<group>"; };
		8EC9B0F12D970BA80008A8B8 /* NumberOptionsView.swift */ = {isa = PBXFileReference; lastKnownFileType = sourcecode.swift; path = NumberOptionsView.swift; sourceTree = "<group>"; };
		8EC9B0F32D970BCA0008A8B8 /* CircleView.swift */ = {isa = PBXFileReference; lastKnownFileType = sourcecode.swift; path = CircleView.swift; sourceTree = "<group>"; };
		8EC9B0F62D9716010008A8B8 /* GameOverView.swift */ = {isa = PBXFileReference; lastKnownFileType = sourcecode.swift; path = GameOverView.swift; sourceTree = "<group>"; };
		8EC9B0F82D971C1D0008A8B8 /* ProverbMode.swift */ = {isa = PBXFileReference; lastKnownFileType = sourcecode.swift; path = ProverbMode.swift; sourceTree = "<group>"; };
		8EC9B0FA2D971E450008A8B8 /* ProverbViewModel.swift */ = {isa = PBXFileReference; lastKnownFileType = sourcecode.swift; path = ProverbViewModel.swift; sourceTree = "<group>"; };
/* End PBXFileReference section */

/* Begin PBXFrameworksBuildPhase section */
		8EC9B0A42D96A2700008A8B8 /* Frameworks */ = {
			isa = PBXFrameworksBuildPhase;
			buildActionMask = 2147483647;
			files = (
			);
			runOnlyForDeploymentPostprocessing = 0;
		};
		8EC9B0B42D96A2710008A8B8 /* Frameworks */ = {
			isa = PBXFrameworksBuildPhase;
			buildActionMask = 2147483647;
			files = (
			);
			runOnlyForDeploymentPostprocessing = 0;
		};
		8EC9B0BE2D96A2710008A8B8 /* Frameworks */ = {
			isa = PBXFrameworksBuildPhase;
			buildActionMask = 2147483647;
			files = (
			);
			runOnlyForDeploymentPostprocessing = 0;
		};
/* End PBXFrameworksBuildPhase section */

/* Begin PBXGroup section */
		8EC9B09E2D96A2700008A8B8 = {
			isa = PBXGroup;
			children = (
				8EC9B0A92D96A2700008A8B8 /* ChineseCountingApp */,
				8EC9B0BA2D96A2710008A8B8 /* ChineseCountingAppTests */,
				8EC9B0C42D96A2710008A8B8 /* ChineseCountingAppUITests */,
				8EC9B0A82D96A2700008A8B8 /* Products */,
			);
			sourceTree = "<group>";
		};
		8EC9B0A82D96A2700008A8B8 /* Products */ = {
			isa = PBXGroup;
			children = (
				8EC9B0A72D96A2700008A8B8 /* ChineseCountingApp.app */,
				8EC9B0B72D96A2710008A8B8 /* ChineseCountingAppTests.xctest */,
				8EC9B0C12D96A2710008A8B8 /* ChineseCountingAppUITests.xctest */,
			);
			name = Products;
			sourceTree = "<group>";
		};
		8EC9B0A92D96A2700008A8B8 /* ChineseCountingApp */ = {
			isa = PBXGroup;
			children = (
				8EC9B0DC2D96A72F0008A8B8 /* Sounds */,
				8EC9B0EA2D9704950008A8B8 /* Helpers */,
				8EC9B0D92D96A5A10008A8B8 /* Extensions */,
				8EC9B0D62D96A4400008A8B8 /* Model */,
				8EC9B0D52D96A43C0008A8B8 /* ViewModel */,
				8EC9B0D42D96A4380008A8B8 /* View */,
				8EC9B0AA2D96A2700008A8B8 /* ChineseCountingAppApp.swift */,
				8EC9B0AC2D96A2700008A8B8 /* ContentView.swift */,
				8EC9B0AE2D96A2710008A8B8 /* Assets.xcassets */,
				8EC9B0B02D96A2710008A8B8 /* Preview Content */,
			);
			path = ChineseCountingApp;
			sourceTree = "<group>";
		};
		8EC9B0B02D96A2710008A8B8 /* Preview Content */ = {
			isa = PBXGroup;
			children = (
				8EC9B0B12D96A2710008A8B8 /* Preview Assets.xcassets */,
			);
			path = "Preview Content";
			sourceTree = "<group>";
		};
		8EC9B0BA2D96A2710008A8B8 /* ChineseCountingAppTests */ = {
			isa = PBXGroup;
			children = (
				8EC9B0BB2D96A2710008A8B8 /* ChineseCountingAppTests.swift */,
				8EC9B0ED2D9705160008A8B8 /* ChineseTest.swift */,
			);
			path = ChineseCountingAppTests;
			sourceTree = "<group>";
		};
		8EC9B0C42D96A2710008A8B8 /* ChineseCountingAppUITests */ = {
			isa = PBXGroup;
			children = (
				8EC9B0C52D96A2710008A8B8 /* ChineseCountingAppUITests.swift */,
				8EC9B0C72D96A2710008A8B8 /* ChineseCountingAppUITestsLaunchTests.swift */,
			);
			path = ChineseCountingAppUITests;
			sourceTree = "<group>";
		};
		8EC9B0D42D96A4380008A8B8 /* View */ = {
			isa = PBXGroup;
			children = (
				8EC9B0E42D96D4BA0008A8B8 /* GearIconView.swift */,
				8EC9B0E62D9701660008A8B8 /* ScoreView.swift */,
				8EC9B0E82D9703170008A8B8 /* PinyanView.swift */,
				8EC9B0EF2D970A2B0008A8B8 /* ChineseView.swift */,
				8EC9B0F12D970BA80008A8B8 /* NumberOptionsView.swift */,
				8EC9B0F32D970BCA0008A8B8 /* CircleView.swift */,
				8EC9B0F62D9716010008A8B8 /* GameOverView.swift */,
			);
			path = View;
			sourceTree = "<group>";
		};
		8EC9B0D52D96A43C0008A8B8 /* ViewModel */ = {
			isa = PBXGroup;
			children = (
				8EC9B0E22D96AC1B0008A8B8 /* GameViewModel.swift */,
				8EC9B0FA2D971E450008A8B8 /* ProverbViewModel.swift */,
			);
			path = ViewModel;
			sourceTree = "<group>";
		};
		8EC9B0D62D96A4400008A8B8 /* Model */ = {
			isa = PBXGroup;
			children = (
				8EC9B0D72D96A44E0008A8B8 /* GameModel.swift */,
				8EC9B0F82D971C1D0008A8B8 /* ProverbMode.swift */,
			);
			path = Model;
			sourceTree = "<group>";
		};
		8EC9B0D92D96A5A10008A8B8 /* Extensions */ = {
			isa = PBXGroup;
			children = (
				8EC9B0DA2D96A5B60008A8B8 /* Int+Extension.swift */,
			);
			path = Extensions;
			sourceTree = "<group>";
		};
		8EC9B0DC2D96A72F0008A8B8 /* Sounds */ = {
			isa = PBXGroup;
			children = (
				8EC9B0E02D96A9B30008A8B8 /* SpeechManager.swift */,
			);
			path = Sounds;
			sourceTree = "<group>";
		};
		8EC9B0EA2D9704950008A8B8 /* Helpers */ = {
			isa = PBXGroup;
			children = (
				8EC9B0EB2D9704A00008A8B8 /* Chinese.swift */,
			);
			path = Helpers;
			sourceTree = "<group>";
		};
/* End PBXGroup section */

/* Begin PBXNativeTarget section */
		8EC9B0A62D96A2700008A8B8 /* ChineseCountingApp */ = {
			isa = PBXNativeTarget;
			buildConfigurationList = 8EC9B0CB2D96A2710008A8B8 /* Build configuration list for PBXNativeTarget "ChineseCountingApp" */;
			buildPhases = (
				8EC9B0A32D96A2700008A8B8 /* Sources */,
				8EC9B0A42D96A2700008A8B8 /* Frameworks */,
				8EC9B0A52D96A2700008A8B8 /* Resources */,
			);
			buildRules = (
			);
			dependencies = (
			);
			name = ChineseCountingApp;
			productName = ChineseCountingApp;
			productReference = 8EC9B0A72D96A2700008A8B8 /* ChineseCountingApp.app */;
			productType = "com.apple.product-type.application";
		};
		8EC9B0B62D96A2710008A8B8 /* ChineseCountingAppTests */ = {
			isa = PBXNativeTarget;
			buildConfigurationList = 8EC9B0CE2D96A2710008A8B8 /* Build configuration list for PBXNativeTarget "ChineseCountingAppTests" */;
			buildPhases = (
				8EC9B0B32D96A2710008A8B8 /* Sources */,
				8EC9B0B42D96A2710008A8B8 /* Frameworks */,
				8EC9B0B52D96A2710008A8B8 /* Resources */,
			);
			buildRules = (
			);
			dependencies = (
				8EC9B0B92D96A2710008A8B8 /* PBXTargetDependency */,
			);
			name = ChineseCountingAppTests;
			productName = ChineseCountingAppTests;
			productReference = 8EC9B0B72D96A2710008A8B8 /* ChineseCountingAppTests.xctest */;
			productType = "com.apple.product-type.bundle.unit-test";
		};
		8EC9B0C02D96A2710008A8B8 /* ChineseCountingAppUITests */ = {
			isa = PBXNativeTarget;
			buildConfigurationList = 8EC9B0D12D96A2710008A8B8 /* Build configuration list for PBXNativeTarget "ChineseCountingAppUITests" */;
			buildPhases = (
				8EC9B0BD2D96A2710008A8B8 /* Sources */,
				8EC9B0BE2D96A2710008A8B8 /* Frameworks */,
				8EC9B0BF2D96A2710008A8B8 /* Resources */,
			);
			buildRules = (
			);
			dependencies = (
				8EC9B0C32D96A2710008A8B8 /* PBXTargetDependency */,
			);
			name = ChineseCountingAppUITests;
			productName = ChineseCountingAppUITests;
			productReference = 8EC9B0C12D96A2710008A8B8 /* ChineseCountingAppUITests.xctest */;
			productType = "com.apple.product-type.bundle.ui-testing";
		};
/* End PBXNativeTarget section */

/* Begin PBXProject section */
		8EC9B09F2D96A2700008A8B8 /* Project object */ = {
			isa = PBXProject;
			attributes = {
				BuildIndependentTargetsInParallel = 1;
				LastSwiftUpdateCheck = 1430;
				LastUpgradeCheck = 1430;
				TargetAttributes = {
					8EC9B0A62D96A2700008A8B8 = {
						CreatedOnToolsVersion = 14.3.1;
					};
					8EC9B0B62D96A2710008A8B8 = {
						CreatedOnToolsVersion = 14.3.1;
						TestTargetID = 8EC9B0A62D96A2700008A8B8;
					};
					8EC9B0C02D96A2710008A8B8 = {
						CreatedOnToolsVersion = 14.3.1;
						TestTargetID = 8EC9B0A62D96A2700008A8B8;
					};
				};
			};
			buildConfigurationList = 8EC9B0A22D96A2700008A8B8 /* Build configuration list for PBXProject "ChineseCountingApp" */;
			compatibilityVersion = "Xcode 14.0";
			developmentRegion = en;
			hasScannedForEncodings = 0;
			knownRegions = (
				en,
				Base,
			);
			mainGroup = 8EC9B09E2D96A2700008A8B8;
			productRefGroup = 8EC9B0A82D96A2700008A8B8 /* Products */;
			projectDirPath = "";
			projectRoot = "";
			targets = (
				8EC9B0A62D96A2700008A8B8 /* ChineseCountingApp */,
				8EC9B0B62D96A2710008A8B8 /* ChineseCountingAppTests */,
				8EC9B0C02D96A2710008A8B8 /* ChineseCountingAppUITests */,
			);
		};
/* End PBXProject section */

/* Begin PBXResourcesBuildPhase section */
		8EC9B0A52D96A2700008A8B8 /* Resources */ = {
			isa = PBXResourcesBuildPhase;
			buildActionMask = 2147483647;
			files = (
				8EC9B0B22D96A2710008A8B8 /* Preview Assets.xcassets in Resources */,
				8EC9B0AF2D96A2710008A8B8 /* Assets.xcassets in Resources */,
			);
			runOnlyForDeploymentPostprocessing = 0;
		};
		8EC9B0B52D96A2710008A8B8 /* Resources */ = {
			isa = PBXResourcesBuildPhase;
			buildActionMask = 2147483647;
			files = (
			);
			runOnlyForDeploymentPostprocessing = 0;
		};
		8EC9B0BF2D96A2710008A8B8 /* Resources */ = {
			isa = PBXResourcesBuildPhase;
			buildActionMask = 2147483647;
			files = (
			);
			runOnlyForDeploymentPostprocessing = 0;
		};
/* End PBXResourcesBuildPhase section */

/* Begin PBXSourcesBuildPhase section */
		8EC9B0A32D96A2700008A8B8 /* Sources */ = {
			isa = PBXSourcesBuildPhase;
			buildActionMask = 2147483647;
			files = (
				8EC9B0E32D96AC1B0008A8B8 /* GameViewModel.swift in Sources */,
				8EC9B0F02D970A2B0008A8B8 /* ChineseView.swift in Sources */,
				8EC9B0E72D9701660008A8B8 /* ScoreView.swift in Sources */,
				8EC9B0AD2D96A2700008A8B8 /* ContentView.swift in Sources */,
				8EC9B0E92D9703170008A8B8 /* PinyanView.swift in Sources */,
				8EC9B0E52D96D4BA0008A8B8 /* GearIconView.swift in Sources */,
				8EC9B0E12D96A9B30008A8B8 /* SpeechManager.swift in Sources */,
				8EC9B0DB2D96A5B60008A8B8 /* Int+Extension.swift in Sources */,
				8EC9B0F42D970BCA0008A8B8 /* CircleView.swift in Sources */,
				8EC9B0F72D9716010008A8B8 /* GameOverView.swift in Sources */,
				8EC9B0AB2D96A2700008A8B8 /* ChineseCountingAppApp.swift in Sources */,
				8EC9B0D82D96A44E0008A8B8 /* GameModel.swift in Sources */,
				8EC9B0F92D971C1D0008A8B8 /* ProverbMode.swift in Sources */,
				8EC9B0FB2D971E450008A8B8 /* ProverbViewModel.swift in Sources */,
				8EC9B0F22D970BA80008A8B8 /* NumberOptionsView.swift in Sources */,
				8EC9B0EC2D9704A00008A8B8 /* Chinese.swift in Sources */,
			);
			runOnlyForDeploymentPostprocessing = 0;
		};
		8EC9B0B32D96A2710008A8B8 /* Sources */ = {
			isa = PBXSourcesBuildPhase;
			buildActionMask = 2147483647;
			files = (
				8EC9B0BC2D96A2710008A8B8 /* ChineseCountingAppTests.swift in Sources */,
				8EC9B0EE2D9705160008A8B8 /* ChineseTest.swift in Sources */,
			);
			runOnlyForDeploymentPostprocessing = 0;
		};
		8EC9B0BD2D96A2710008A8B8 /* Sources */ = {
			isa = PBXSourcesBuildPhase;
			buildActionMask = 2147483647;
			files = (
				8EC9B0C62D96A2710008A8B8 /* ChineseCountingAppUITests.swift in Sources */,
				8EC9B0C82D96A2710008A8B8 /* ChineseCountingAppUITestsLaunchTests.swift in Sources */,
			);
			runOnlyForDeploymentPostprocessing = 0;
		};
/* End PBXSourcesBuildPhase section */

/* Begin PBXTargetDependency section */
		8EC9B0B92D96A2710008A8B8 /* PBXTargetDependency */ = {
			isa = PBXTargetDependency;
			target = 8EC9B0A62D96A2700008A8B8 /* ChineseCountingApp */;
			targetProxy = 8EC9B0B82D96A2710008A8B8 /* PBXContainerItemProxy */;
		};
		8EC9B0C32D96A2710008A8B8 /* PBXTargetDependency */ = {
			isa = PBXTargetDependency;
			target = 8EC9B0A62D96A2700008A8B8 /* ChineseCountingApp */;
			targetProxy = 8EC9B0C22D96A2710008A8B8 /* PBXContainerItemProxy */;
		};
/* End PBXTargetDependency section */

/* Begin XCBuildConfiguration section */
		8EC9B0C92D96A2710008A8B8 /* Debug */ = {
			isa = XCBuildConfiguration;
			buildSettings = {
				ALWAYS_SEARCH_USER_PATHS = NO;
				CLANG_ANALYZER_NONNULL = YES;
				CLANG_ANALYZER_NUMBER_OBJECT_CONVERSION = YES_AGGRESSIVE;
				CLANG_CXX_LANGUAGE_STANDARD = "gnu++20";
				CLANG_ENABLE_MODULES = YES;
				CLANG_ENABLE_OBJC_ARC = YES;
				CLANG_ENABLE_OBJC_WEAK = YES;
				CLANG_WARN_BLOCK_CAPTURE_AUTORELEASING = YES;
				CLANG_WARN_BOOL_CONVERSION = YES;
				CLANG_WARN_COMMA = YES;
				CLANG_WARN_CONSTANT_CONVERSION = YES;
				CLANG_WARN_DEPRECATED_OBJC_IMPLEMENTATIONS = YES;
				CLANG_WARN_DIRECT_OBJC_ISA_USAGE = YES_ERROR;
				CLANG_WARN_DOCUMENTATION_COMMENTS = YES;
				CLANG_WARN_EMPTY_BODY = YES;
				CLANG_WARN_ENUM_CONVERSION = YES;
				CLANG_WARN_INFINITE_RECURSION = YES;
				CLANG_WARN_INT_CONVERSION = YES;
				CLANG_WARN_NON_LITERAL_NULL_CONVERSION = YES;
				CLANG_WARN_OBJC_IMPLICIT_RETAIN_SELF = YES;
				CLANG_WARN_OBJC_LITERAL_CONVERSION = YES;
				CLANG_WARN_OBJC_ROOT_CLASS = YES_ERROR;
				CLANG_WARN_QUOTED_INCLUDE_IN_FRAMEWORK_HEADER = YES;
				CLANG_WARN_RANGE_LOOP_ANALYSIS = YES;
				CLANG_WARN_STRICT_PROTOTYPES = YES;
				CLANG_WARN_SUSPICIOUS_MOVE = YES;
				CLANG_WARN_UNGUARDED_AVAILABILITY = YES_AGGRESSIVE;
				CLANG_WARN_UNREACHABLE_CODE = YES;
				CLANG_WARN__DUPLICATE_METHOD_MATCH = YES;
				COPY_PHASE_STRIP = NO;
				DEBUG_INFORMATION_FORMAT = dwarf;
				ENABLE_STRICT_OBJC_MSGSEND = YES;
				ENABLE_TESTABILITY = YES;
				GCC_C_LANGUAGE_STANDARD = gnu11;
				GCC_DYNAMIC_NO_PIC = NO;
				GCC_NO_COMMON_BLOCKS = YES;
				GCC_OPTIMIZATION_LEVEL = 0;
				GCC_PREPROCESSOR_DEFINITIONS = (
					"DEBUG=1",
					"$(inherited)",
				);
				GCC_WARN_64_TO_32_BIT_CONVERSION = YES;
				GCC_WARN_ABOUT_RETURN_TYPE = YES_ERROR;
				GCC_WARN_UNDECLARED_SELECTOR = YES;
				GCC_WARN_UNINITIALIZED_AUTOS = YES_AGGRESSIVE;
				GCC_WARN_UNUSED_FUNCTION = YES;
				GCC_WARN_UNUSED_VARIABLE = YES;
				IPHONEOS_DEPLOYMENT_TARGET = 16.4;
				MTL_ENABLE_DEBUG_INFO = INCLUDE_SOURCE;
				MTL_FAST_MATH = YES;
				ONLY_ACTIVE_ARCH = YES;
				SDKROOT = iphoneos;
				SWIFT_ACTIVE_COMPILATION_CONDITIONS = DEBUG;
				SWIFT_OPTIMIZATION_LEVEL = "-Onone";
			};
			name = Debug;
		};
		8EC9B0CA2D96A2710008A8B8 /* Release */ = {
			isa = XCBuildConfiguration;
			buildSettings = {
				ALWAYS_SEARCH_USER_PATHS = NO;
				CLANG_ANALYZER_NONNULL = YES;
				CLANG_ANALYZER_NUMBER_OBJECT_CONVERSION = YES_AGGRESSIVE;
				CLANG_CXX_LANGUAGE_STANDARD = "gnu++20";
				CLANG_ENABLE_MODULES = YES;
				CLANG_ENABLE_OBJC_ARC = YES;
				CLANG_ENABLE_OBJC_WEAK = YES;
				CLANG_WARN_BLOCK_CAPTURE_AUTORELEASING = YES;
				CLANG_WARN_BOOL_CONVERSION = YES;
				CLANG_WARN_COMMA = YES;
				CLANG_WARN_CONSTANT_CONVERSION = YES;
				CLANG_WARN_DEPRECATED_OBJC_IMPLEMENTATIONS = YES;
				CLANG_WARN_DIRECT_OBJC_ISA_USAGE = YES_ERROR;
				CLANG_WARN_DOCUMENTATION_COMMENTS = YES;
				CLANG_WARN_EMPTY_BODY = YES;
				CLANG_WARN_ENUM_CONVERSION = YES;
				CLANG_WARN_INFINITE_RECURSION = YES;
				CLANG_WARN_INT_CONVERSION = YES;
				CLANG_WARN_NON_LITERAL_NULL_CONVERSION = YES;
				CLANG_WARN_OBJC_IMPLICIT_RETAIN_SELF = YES;
				CLANG_WARN_OBJC_LITERAL_CONVERSION = YES;
				CLANG_WARN_OBJC_ROOT_CLASS = YES_ERROR;
				CLANG_WARN_QUOTED_INCLUDE_IN_FRAMEWORK_HEADER = YES;
				CLANG_WARN_RANGE_LOOP_ANALYSIS = YES;
				CLANG_WARN_STRICT_PROTOTYPES = YES;
				CLANG_WARN_SUSPICIOUS_MOVE = YES;
				CLANG_WARN_UNGUARDED_AVAILABILITY = YES_AGGRESSIVE;
				CLANG_WARN_UNREACHABLE_CODE = YES;
				CLANG_WARN__DUPLICATE_METHOD_MATCH = YES;
				COPY_PHASE_STRIP = NO;
				DEBUG_INFORMATION_FORMAT = "dwarf-with-dsym";
				ENABLE_NS_ASSERTIONS = NO;
				ENABLE_STRICT_OBJC_MSGSEND = YES;
				GCC_C_LANGUAGE_STANDARD = gnu11;
				GCC_NO_COMMON_BLOCKS = YES;
				GCC_WARN_64_TO_32_BIT_CONVERSION = YES;
				GCC_WARN_ABOUT_RETURN_TYPE = YES_ERROR;
				GCC_WARN_UNDECLARED_SELECTOR = YES;
				GCC_WARN_UNINITIALIZED_AUTOS = YES_AGGRESSIVE;
				GCC_WARN_UNUSED_FUNCTION = YES;
				GCC_WARN_UNUSED_VARIABLE = YES;
				IPHONEOS_DEPLOYMENT_TARGET = 16.4;
				MTL_ENABLE_DEBUG_INFO = NO;
				MTL_FAST_MATH = YES;
				SDKROOT = iphoneos;
				SWIFT_COMPILATION_MODE = wholemodule;
				SWIFT_OPTIMIZATION_LEVEL = "-O";
				VALIDATE_PRODUCT = YES;
			};
			name = Release;
		};
		8EC9B0CC2D96A2710008A8B8 /* Debug */ = {
			isa = XCBuildConfiguration;
			buildSettings = {
				ASSETCATALOG_COMPILER_APPICON_NAME = AppIcon;
				ASSETCATALOG_COMPILER_GLOBAL_ACCENT_COLOR_NAME = AccentColor;
				CODE_SIGN_STYLE = Automatic;
				CURRENT_PROJECT_VERSION = 1;
				DEVELOPMENT_ASSET_PATHS = "\"ChineseCountingApp/Preview Content\"";
				DEVELOPMENT_TEAM = 5AZ59LLP74;
				ENABLE_PREVIEWS = YES;
				GENERATE_INFOPLIST_FILE = YES;
				INFOPLIST_KEY_UIApplicationSceneManifest_Generation = YES;
				INFOPLIST_KEY_UIApplicationSupportsIndirectInputEvents = YES;
				INFOPLIST_KEY_UILaunchScreen_Generation = YES;
				INFOPLIST_KEY_UISupportedInterfaceOrientations_iPad = "UIInterfaceOrientationPortrait UIInterfaceOrientationPortraitUpsideDown UIInterfaceOrientationLandscapeLeft UIInterfaceOrientationLandscapeRight";
				INFOPLIST_KEY_UISupportedInterfaceOrientations_iPhone = "UIInterfaceOrientationPortrait UIInterfaceOrientationLandscapeLeft UIInterfaceOrientationLandscapeRight";
				LD_RUNPATH_SEARCH_PATHS = (
					"$(inherited)",
					"@executable_path/Frameworks",
				);
				MARKETING_VERSION = 1.0;
				PRODUCT_BUNDLE_IDENTIFIER = ru.yandex.practicum.tracker.ChineseCountingApp;
				PRODUCT_NAME = "$(TARGET_NAME)";
				SWIFT_EMIT_LOC_STRINGS = YES;
				SWIFT_VERSION = 5.0;
				TARGETED_DEVICE_FAMILY = "1,2";
			};
			name = Debug;
		};
		8EC9B0CD2D96A2710008A8B8 /* Release */ = {
			isa = XCBuildConfiguration;
			buildSettings = {
				ASSETCATALOG_COMPILER_APPICON_NAME = AppIcon;
				ASSETCATALOG_COMPILER_GLOBAL_ACCENT_COLOR_NAME = AccentColor;
				CODE_SIGN_STYLE = Automatic;
				CURRENT_PROJECT_VERSION = 1;
				DEVELOPMENT_ASSET_PATHS = "\"ChineseCountingApp/Preview Content\"";
				DEVELOPMENT_TEAM = 5AZ59LLP74;
				ENABLE_PREVIEWS = YES;
				GENERATE_INFOPLIST_FILE = YES;
				INFOPLIST_KEY_UIApplicationSceneManifest_Generation = YES;
				INFOPLIST_KEY_UIApplicationSupportsIndirectInputEvents = YES;
				INFOPLIST_KEY_UILaunchScreen_Generation = YES;
				INFOPLIST_KEY_UISupportedInterfaceOrientations_iPad = "UIInterfaceOrientationPortrait UIInterfaceOrientationPortraitUpsideDown UIInterfaceOrientationLandscapeLeft UIInterfaceOrientationLandscapeRight";
				INFOPLIST_KEY_UISupportedInterfaceOrientations_iPhone = "UIInterfaceOrientationPortrait UIInterfaceOrientationLandscapeLeft UIInterfaceOrientationLandscapeRight";
				LD_RUNPATH_SEARCH_PATHS = (
					"$(inherited)",
					"@executable_path/Frameworks",
				);
				MARKETING_VERSION = 1.0;
				PRODUCT_BUNDLE_IDENTIFIER = ru.yandex.practicum.tracker.ChineseCountingApp;
				PRODUCT_NAME = "$(TARGET_NAME)";
				SWIFT_EMIT_LOC_STRINGS = YES;
				SWIFT_VERSION = 5.0;
				TARGETED_DEVICE_FAMILY = "1,2";
			};
			name = Release;
		};
		8EC9B0CF2D96A2710008A8B8 /* Debug */ = {
			isa = XCBuildConfiguration;
			buildSettings = {
				ALWAYS_EMBED_SWIFT_STANDARD_LIBRARIES = YES;
				BUNDLE_LOADER = "$(TEST_HOST)";
				CODE_SIGN_STYLE = Automatic;
				CURRENT_PROJECT_VERSION = 1;
				DEVELOPMENT_TEAM = 5AZ59LLP74;
				GENERATE_INFOPLIST_FILE = YES;
				IPHONEOS_DEPLOYMENT_TARGET = 16.4;
				MARKETING_VERSION = 1.0;
				PRODUCT_BUNDLE_IDENTIFIER = ru.yandex.practicum.tracker.ChineseCountingAppTests;
				PRODUCT_NAME = "$(TARGET_NAME)";
				SWIFT_EMIT_LOC_STRINGS = NO;
				SWIFT_VERSION = 5.0;
				TARGETED_DEVICE_FAMILY = "1,2";
				TEST_HOST = "$(BUILT_PRODUCTS_DIR)/ChineseCountingApp.app/$(BUNDLE_EXECUTABLE_FOLDER_PATH)/ChineseCountingApp";
			};
			name = Debug;
		};
		8EC9B0D02D96A2710008A8B8 /* Release */ = {
			isa = XCBuildConfiguration;
			buildSettings = {
				ALWAYS_EMBED_SWIFT_STANDARD_LIBRARIES = YES;
				BUNDLE_LOADER = "$(TEST_HOST)";
				CODE_SIGN_STYLE = Automatic;
				CURRENT_PROJECT_VERSION = 1;
				DEVELOPMENT_TEAM = 5AZ59LLP74;
				GENERATE_INFOPLIST_FILE = YES;
				IPHONEOS_DEPLOYMENT_TARGET = 16.4;
				MARKETING_VERSION = 1.0;
				PRODUCT_BUNDLE_IDENTIFIER = ru.yandex.practicum.tracker.ChineseCountingAppTests;
				PRODUCT_NAME = "$(TARGET_NAME)";
				SWIFT_EMIT_LOC_STRINGS = NO;
				SWIFT_VERSION = 5.0;
				TARGETED_DEVICE_FAMILY = "1,2";
				TEST_HOST = "$(BUILT_PRODUCTS_DIR)/ChineseCountingApp.app/$(BUNDLE_EXECUTABLE_FOLDER_PATH)/ChineseCountingApp";
			};
			name = Release;
		};
		8EC9B0D22D96A2710008A8B8 /* Debug */ = {
			isa = XCBuildConfiguration;
			buildSettings = {
				ALWAYS_EMBED_SWIFT_STANDARD_LIBRARIES = YES;
				CODE_SIGN_STYLE = Automatic;
				CURRENT_PROJECT_VERSION = 1;
				DEVELOPMENT_TEAM = 5AZ59LLP74;
				GENERATE_INFOPLIST_FILE = YES;
				MARKETING_VERSION = 1.0;
				PRODUCT_BUNDLE_IDENTIFIER = ru.yandex.practicum.tracker.ChineseCountingAppUITests;
				PRODUCT_NAME = "$(TARGET_NAME)";
				SWIFT_EMIT_LOC_STRINGS = NO;
				SWIFT_VERSION = 5.0;
				TARGETED_DEVICE_FAMILY = "1,2";
				TEST_TARGET_NAME = ChineseCountingApp;
			};
			name = Debug;
		};
		8EC9B0D32D96A2710008A8B8 /* Release */ = {
			isa = XCBuildConfiguration;
			buildSettings = {
				ALWAYS_EMBED_SWIFT_STANDARD_LIBRARIES = YES;
				CODE_SIGN_STYLE = Automatic;
				CURRENT_PROJECT_VERSION = 1;
				DEVELOPMENT_TEAM = 5AZ59LLP74;
				GENERATE_INFOPLIST_FILE = YES;
				MARKETING_VERSION = 1.0;
				PRODUCT_BUNDLE_IDENTIFIER = ru.yandex.practicum.tracker.ChineseCountingAppUITests;
				PRODUCT_NAME = "$(TARGET_NAME)";
				SWIFT_EMIT_LOC_STRINGS = NO;
				SWIFT_VERSION = 5.0;
				TARGETED_DEVICE_FAMILY = "1,2";
				TEST_TARGET_NAME = ChineseCountingApp;
			};
			name = Release;
		};
/* End XCBuildConfiguration section */

/* Begin XCConfigurationList section */
		8EC9B0A22D96A2700008A8B8 /* Build configuration list for PBXProject "ChineseCountingApp" */ = {
			isa = XCConfigurationList;
			buildConfigurations = (
				8EC9B0C92D96A2710008A8B8 /* Debug */,
				8EC9B0CA2D96A2710008A8B8 /* Release */,
			);
			defaultConfigurationIsVisible = 0;
			defaultConfigurationName = Release;
		};
		8EC9B0CB2D96A2710008A8B8 /* Build configuration list for PBXNativeTarget "ChineseCountingApp" */ = {
			isa = XCConfigurationList;
			buildConfigurations = (
				8EC9B0CC2D96A2710008A8B8 /* Debug */,
				8EC9B0CD2D96A2710008A8B8 /* Release */,
			);
			defaultConfigurationIsVisible = 0;
			defaultConfigurationName = Release;
		};
		8EC9B0CE2D96A2710008A8B8 /* Build configuration list for PBXNativeTarget "ChineseCountingAppTests" */ = {
			isa = XCConfigurationList;
			buildConfigurations = (
				8EC9B0CF2D96A2710008A8B8 /* Debug */,
				8EC9B0D02D96A2710008A8B8 /* Release */,
			);
			defaultConfigurationIsVisible = 0;
			defaultConfigurationName = Release;
		};
		8EC9B0D12D96A2710008A8B8 /* Build configuration list for PBXNativeTarget "ChineseCountingAppUITests" */ = {
			isa = XCConfigurationList;
			buildConfigurations = (
				8EC9B0D22D96A2710008A8B8 /* Debug */,
				8EC9B0D32D96A2710008A8B8 /* Release */,
			);
			defaultConfigurationIsVisible = 0;
			defaultConfigurationName = Release;
		};
/* End XCConfigurationList section */
	};
	rootObject = 8EC9B09F2D96A2700008A8B8 /* Project object */;
}
